
Microsoft Visual Studio Solution File, Format Version 12.00
# Visual Studio Version 17
VisualStudioVersion = 17.13.35931.197 d17.13
MinimumVisualStudioVersion = 10.0.40219.1
Project("{FAE04EC0-301F-11D3-BF4B-00C04F79EFBC}") = "AcceleratedStart", "AcceleratedStart.csproj", "{B6E37F5C-FB3E-F365-A206-2184F4AEE6F8}"
EndProject
Global
	GlobalSection(SolutionConfigurationPlatforms) = preSolution
		Debug|Any CPU = Debug|Any CPU
		Release|Any CPU = Release|Any CPU
	EndGlobalSection
	GlobalSection(ProjectConfigurationPlatforms) = postSolution
		{B6E37F5C-FB3E-F365-A206-2184F4AEE6F8}.Debug|Any CPU.ActiveCfg = Debug|Any CPU
		{B6E37F5C-FB3E-F365-A206-2184F4AEE6F8}.Debug|Any CPU.Build.0 = Debug|Any CPU
		{B6E37F5C-FB3E-F365-A206-2184F4AEE6F8}.Release|Any CPU.ActiveCfg = Release|Any CPU
		{B6E37F5C-FB3E-F365-A206-2184F4AEE6F8}.Release|Any CPU.Build.0 = Release|Any CPU
	EndGlobalSection
	GlobalSection(SolutionProperties) = preSolution
		HideSolutionNode = FALSE
	EndGlobalSection
	GlobalSection(ExtensibilityGlobals) = postSolution
		SolutionGuid = {94E90C53-0AEA-41CB-8C74-DD9791EB0D80}
	EndGlobalSection
EndGlobal
